// !$*UTF8*$!
{
	archiveVersion = 1;
	classes = {
	};
	objectVersion = 46;
	objects = {

/* Begin PBXBuildFile section */
		327104DE1A608B87002EF83F /* AppDelegate.swift in Sources */ = {isa = PBXBuildFile; fileRef = 327104DD1A608B87002EF83F /* AppDelegate.swift */; };
		327104E01A608B87002EF83F /* ViewController.swift in Sources */ = {isa = PBXBuildFile; fileRef = 327104DF1A608B87002EF83F /* ViewController.swift */; };
		327104E31A608B87002EF83F /* Main.storyboard in Resources */ = {isa = PBXBuildFile; fileRef = 327104E11A608B87002EF83F /* Main.storyboard */; };
		327104E51A608B87002EF83F /* Images.xcassets in Resources */ = {isa = PBXBuildFile; fileRef = 327104E41A608B87002EF83F /* Images.xcassets */; };
		327104E81A608B87002EF83F /* LaunchScreen.xib in Resources */ = {isa = PBXBuildFile; fileRef = 327104E61A608B87002EF83F /* LaunchScreen.xib */; };
		327104F41A608B87002EF83F /* KeiserBikeTests.swift in Sources */ = {isa = PBXBuildFile; fileRef = 327104F31A608B87002EF83F /* KeiserBikeTests.swift */; };
		327104FE1A608BFC002EF83F /* KeiserBikeManager.swift in Sources */ = {isa = PBXBuildFile; fileRef = 327104FD1A608BFC002EF83F /* KeiserBikeManager.swift */; };
		327104FF1A608E3A002EF83F /* KeiserBikeManager.swift in Sources */ = {isa = PBXBuildFile; fileRef = 327104FD1A608BFC002EF83F /* KeiserBikeManager.swift */; };
/* End PBXBuildFile section */

/* Begin PBXContainerItemProxy section */
		327104EE1A608B87002EF83F /* PBXContainerItemProxy */ = {
			isa = PBXContainerItemProxy;
			containerPortal = 327104D01A608B87002EF83F /* Project object */;
			proxyType = 1;
			remoteGlobalIDString = 327104D71A608B87002EF83F;
			remoteInfo = KeiserBike;
		};
/* End PBXContainerItemProxy section */

/* Begin PBXFileReference section */
		327104D81A608B87002EF83F /* KeiserBike.app */ = {isa = PBXFileReference; explicitFileType = wrapper.application; includeInIndex = 0; path = KeiserBike.app; sourceTree = BUILT_PRODUCTS_DIR; };
		327104DC1A608B87002EF83F /* Info.plist */ = {isa = PBXFileReference; lastKnownFileType = text.plist.xml; path = Info.plist; sourceTree = "<group>"; };
		327104DD1A608B87002EF83F /* AppDelegate.swift */ = {isa = PBXFileReference; lastKnownFileType = sourcecode.swift; path = AppDelegate.swift; sourceTree = "<group>"; };
		327104DF1A608B87002EF83F /* ViewController.swift */ = {isa = PBXFileReference; lastKnownFileType = sourcecode.swift; path = ViewController.swift; sourceTree = "<group>"; };
		327104E21A608B87002EF83F /* Base */ = {isa = PBXFileReference; lastKnownFileType = file.storyboard; name = Base; path = Base.lproj/Main.storyboard; sourceTree = "<group>"; };
		327104E41A608B87002EF83F /* Images.xcassets */ = {isa = PBXFileReference; lastKnownFileType = folder.assetcatalog; path = Images.xcassets; sourceTree = "<group>"; };
		327104E71A608B87002EF83F /* Base */ = {isa = PBXFileReference; lastKnownFileType = file.xib; name = Base; path = Base.lproj/LaunchScreen.xib; sourceTree = "<group>"; };
		327104ED1A608B87002EF83F /* KeiserBikeTests.xctest */ = {isa = PBXFileReference; explicitFileType = wrapper.cfbundle; includeInIndex = 0; path = KeiserBikeTests.xctest; sourceTree = BUILT_PRODUCTS_DIR; };
		327104F21A608B87002EF83F /* Info.plist */ = {isa = PBXFileReference; lastKnownFileType = text.plist.xml; path = Info.plist; sourceTree = "<group>"; };
		327104F31A608B87002EF83F /* KeiserBikeTests.swift */ = {isa = PBXFileReference; lastKnownFileType = sourcecode.swift; path = KeiserBikeTests.swift; sourceTree = "<group>"; };
		327104FD1A608BFC002EF83F /* KeiserBikeManager.swift */ = {isa = PBXFileReference; fileEncoding = 4; lastKnownFileType = sourcecode.swift; path = KeiserBikeManager.swift; sourceTree = "<group>"; };
/* End PBXFileReference section */

/* Begin PBXFrameworksBuildPhase section */
		327104D51A608B87002EF83F /* Frameworks */ = {
			isa = PBXFrameworksBuildPhase;
			buildActionMask = 2147483647;
			files = (
			);
			runOnlyForDeploymentPostprocessing = 0;
		};
		327104EA1A608B87002EF83F /* Frameworks */ = {
			isa = PBXFrameworksBuildPhase;
			buildActionMask = 2147483647;
			files = (
			);
			runOnlyForDeploymentPostprocessing = 0;
		};
/* End PBXFrameworksBuildPhase section */

/* Begin PBXGroup section */
		327104CF1A608B87002EF83F = {
			isa = PBXGroup;
			children = (
				327104DA1A608B87002EF83F /* KeiserBike */,
				327104F01A608B87002EF83F /* KeiserBikeTests */,
				327104D91A608B87002EF83F /* Products */,
			);
			sourceTree = "<group>";
		};
		327104D91A608B87002EF83F /* Products */ = {
			isa = PBXGroup;
			children = (
				327104D81A608B87002EF83F /* KeiserBike.app */,
				327104ED1A608B87002EF83F /* KeiserBikeTests.xctest */,
			);
			name = Products;
			sourceTree = "<group>";
		};
		327104DA1A608B87002EF83F /* KeiserBike */ = {
			isa = PBXGroup;
			children = (
				327104FD1A608BFC002EF83F /* KeiserBikeManager.swift */,
				327104DD1A608B87002EF83F /* AppDelegate.swift */,
				327104DF1A608B87002EF83F /* ViewController.swift */,
				327104E11A608B87002EF83F /* Main.storyboard */,
				327104E41A608B87002EF83F /* Images.xcassets */,
				327104E61A608B87002EF83F /* LaunchScreen.xib */,
				327104DB1A608B87002EF83F /* Supporting Files */,
			);
			path = KeiserBike;
			sourceTree = "<group>";
		};
		327104DB1A608B87002EF83F /* Supporting Files */ = {
			isa = PBXGroup;
			children = (
				327104DC1A608B87002EF83F /* Info.plist */,
			);
			name = "Supporting Files";
			sourceTree = "<group>";
		};
		327104F01A608B87002EF83F /* KeiserBikeTests */ = {
			isa = PBXGroup;
			children = (
				327104F31A608B87002EF83F /* KeiserBikeTests.swift */,
				327104F11A608B87002EF83F /* Supporting Files */,
			);
			path = KeiserBikeTests;
			sourceTree = "<group>";
		};
		327104F11A608B87002EF83F /* Supporting Files */ = {
			isa = PBXGroup;
			children = (
				327104F21A608B87002EF83F /* Info.plist */,
			);
			name = "Supporting Files";
			sourceTree = "<group>";
		};
/* End PBXGroup section */

/* Begin PBXNativeTarget section */
		327104D71A608B87002EF83F /* KeiserBike */ = {
			isa = PBXNativeTarget;
			buildConfigurationList = 327104F71A608B87002EF83F /* Build configuration list for PBXNativeTarget "KeiserBike" */;
			buildPhases = (
				327104D41A608B87002EF83F /* Sources */,
				327104D51A608B87002EF83F /* Frameworks */,
				327104D61A608B87002EF83F /* Resources */,
			);
			buildRules = (
			);
			dependencies = (
			);
			name = KeiserBike;
			productName = KeiserBike;
			productReference = 327104D81A608B87002EF83F /* KeiserBike.app */;
			productType = "com.apple.product-type.application";
		};
		327104EC1A608B87002EF83F /* KeiserBikeTests */ = {
			isa = PBXNativeTarget;
			buildConfigurationList = 327104FA1A608B87002EF83F /* Build configuration list for PBXNativeTarget "KeiserBikeTests" */;
			buildPhases = (
				327104E91A608B87002EF83F /* Sources */,
				327104EA1A608B87002EF83F /* Frameworks */,
				327104EB1A608B87002EF83F /* Resources */,
			);
			buildRules = (
			);
			dependencies = (
				327104EF1A608B87002EF83F /* PBXTargetDependency */,
			);
			name = KeiserBikeTests;
			productName = KeiserBikeTests;
			productReference = 327104ED1A608B87002EF83F /* KeiserBikeTests.xctest */;
			productType = "com.apple.product-type.bundle.unit-test";
		};
/* End PBXNativeTarget section */

/* Begin PBXProject section */
		327104D01A608B87002EF83F /* Project object */ = {
			isa = PBXProject;
			attributes = {
				LastUpgradeCheck = 0610;
				ORGANIZATIONNAME = Rocketmade;
				TargetAttributes = {
					327104D71A608B87002EF83F = {
						CreatedOnToolsVersion = 6.1.1;
					};
					327104EC1A608B87002EF83F = {
						CreatedOnToolsVersion = 6.1.1;
						TestTargetID = 327104D71A608B87002EF83F;
					};
				};
			};
			buildConfigurationList = 327104D31A608B87002EF83F /* Build configuration list for PBXProject "KeiserBike" */;
			compatibilityVersion = "Xcode 3.2";
			developmentRegion = English;
			hasScannedForEncodings = 0;
			knownRegions = (
				en,
				Base,
			);
			mainGroup = 327104CF1A608B87002EF83F;
			productRefGroup = 327104D91A608B87002EF83F /* Products */;
			projectDirPath = "";
			projectRoot = "";
			targets = (
				327104D71A608B87002EF83F /* KeiserBike */,
				327104EC1A608B87002EF83F /* KeiserBikeTests */,
			);
		};
/* End PBXProject section */

/* Begin PBXResourcesBuildPhase section */
		327104D61A608B87002EF83F /* Resources */ = {
			isa = PBXResourcesBuildPhase;
			buildActionMask = 2147483647;
			files = (
				327104E31A608B87002EF83F /* Main.storyboard in Resources */,
				327104E81A608B87002EF83F /* LaunchScreen.xib in Resources */,
				327104E51A608B87002EF83F /* Images.xcassets in Resources */,
			);
			runOnlyForDeploymentPostprocessing = 0;
		};
		327104EB1A608B87002EF83F /* Resources */ = {
			isa = PBXResourcesBuildPhase;
			buildActionMask = 2147483647;
			files = (
			);
			runOnlyForDeploymentPostprocessing = 0;
		};
/* End PBXResourcesBuildPhase section */

/* Begin PBXSourcesBuildPhase section */
		327104D41A608B87002EF83F /* Sources */ = {
			isa = PBXSourcesBuildPhase;
			buildActionMask = 2147483647;
			files = (
				327104FE1A608BFC002EF83F /* KeiserBikeManager.swift in Sources */,
				327104E01A608B87002EF83F /* ViewController.swift in Sources */,
				327104DE1A608B87002EF83F /* AppDelegate.swift in Sources */,
			);
			runOnlyForDeploymentPostprocessing = 0;
		};
		327104E91A608B87002EF83F /* Sources */ = {
			isa = PBXSourcesBuildPhase;
			buildActionMask = 2147483647;
			files = (
				327104F41A608B87002EF83F /* KeiserBikeTests.swift in Sources */,
				327104FF1A608E3A002EF83F /* KeiserBikeManager.swift in Sources */,
			);
			runOnlyForDeploymentPostprocessing = 0;
		};
/* End PBXSourcesBuildPhase section */

/* Begin PBXTargetDependency section */
		327104EF1A608B87002EF83F /* PBXTargetDependency */ = {
			isa = PBXTargetDependency;
			target = 327104D71A608B87002EF83F /* KeiserBike */;
			targetProxy = 327104EE1A608B87002EF83F /* PBXContainerItemProxy */;
		};
/* End PBXTargetDependency section */

/* Begin PBXVariantGroup section */
		327104E11A608B87002EF83F /* Main.storyboard */ = {
			isa = PBXVariantGroup;
			children = (
				327104E21A608B87002EF83F /* Base */,
			);
			name = Main.storyboard;
			sourceTree = "<group>";
		};
		327104E61A608B87002EF83F /* LaunchScreen.xib */ = {
			isa = PBXVariantGroup;
			children = (
				327104E71A608B87002EF83F /* Base */,
			);
			name = LaunchScreen.xib;
			sourceTree = "<group>";
		};
/* End PBXVariantGroup section */

/* Begin XCBuildConfiguration section */
		327104F51A608B87002EF83F /* Debug */ = {
			isa = XCBuildConfiguration;
			buildSettings = {
				ALWAYS_SEARCH_USER_PATHS = NO;
				CLANG_CXX_LANGUAGE_STANDARD = "gnu++0x";
				CLANG_CXX_LIBRARY = "libc++";
				CLANG_ENABLE_MODULES = YES;
				CLANG_ENABLE_OBJC_ARC = YES;
				CLANG_WARN_BOOL_CONVERSION = YES;
				CLANG_WARN_CONSTANT_CONVERSION = YES;
				CLANG_WARN_DIRECT_OBJC_ISA_USAGE = YES_ERROR;
				CLANG_WARN_EMPTY_BODY = YES;
				CLANG_WARN_ENUM_CONVERSION = YES;
				CLANG_WARN_INT_CONVERSION = YES;
				CLANG_WARN_OBJC_ROOT_CLASS = YES_ERROR;
				CLANG_WARN_UNREACHABLE_CODE = YES;
				CLANG_WARN__DUPLICATE_METHOD_MATCH = YES;
				"CODE_SIGN_IDENTITY[sdk=iphoneos*]" = "iPhone Developer";
				COPY_PHASE_STRIP = NO;
				ENABLE_STRICT_OBJC_MSGSEND = YES;
				GCC_C_LANGUAGE_STANDARD = gnu99;
				GCC_DYNAMIC_NO_PIC = NO;
				GCC_OPTIMIZATION_LEVEL = 0;
				GCC_PREPROCESSOR_DEFINITIONS = (
					"DEBUG=1",
					"$(inherited)",
				);
				GCC_SYMBOLS_PRIVATE_EXTERN = NO;
				GCC_WARN_64_TO_32_BIT_CONVERSION = YES;
				GCC_WARN_ABOUT_RETURN_TYPE = YES_ERROR;
				GCC_WARN_UNDECLARED_SELECTOR = YES;
				GCC_WARN_UNINITIALIZED_AUTOS = YES_AGGRESSIVE;
				GCC_WARN_UNUSED_FUNCTION = YES;
				GCC_WARN_UNUSED_VARIABLE = YES;
				IPHONEOS_DEPLOYMENT_TARGET = 8.1;
				MTL_ENABLE_DEBUG_INFO = YES;
				ONLY_ACTIVE_ARCH = YES;
				SDKROOT = iphoneos;
				SWIFT_OPTIMIZATION_LEVEL = "-Onone";
			};
			name = Debug;
		};
		327104F61A608B87002EF83F /* Release */ = {
			isa = XCBuildConfiguration;
			buildSettings = {
				ALWAYS_SEARCH_USER_PATHS = NO;
				CLANG_CXX_LANGUAGE_STANDARD = "gnu++0x";
				CLANG_CXX_LIBRARY = "libc++";
				CLANG_ENABLE_MODULES = YES;
				CLANG_ENABLE_OBJC_ARC = YES;
				CLANG_WARN_BOOL_CONVERSION = YES;
				CLANG_WARN_CONSTANT_CONVERSION = YES;
				CLANG_WARN_DIRECT_OBJC_ISA_USAGE = YES_ERROR;
				CLANG_WARN_EMPTY_BODY = YES;
				CLANG_WARN_ENUM_CONVERSION = YES;
				CLANG_WARN_INT_CONVERSION = YES;
				CLANG_WARN_OBJC_ROOT_CLASS = YES_ERROR;
				CLANG_WARN_UNREACHABLE_CODE = YES;
				CLANG_WARN__DUPLICATE_METHOD_MATCH = YES;
				"CODE_SIGN_IDENTITY[sdk=iphoneos*]" = "iPhone Developer";
				COPY_PHASE_STRIP = YES;
				ENABLE_NS_ASSERTIONS = NO;
				ENABLE_STRICT_OBJC_MSGSEND = YES;
				GCC_C_LANGUAGE_STANDARD = gnu99;
				GCC_WARN_64_TO_32_BIT_CONVERSION = YES;
				GCC_WARN_ABOUT_RETURN_TYPE = YES_ERROR;
				GCC_WARN_UNDECLARED_SELECTOR = YES;
				GCC_WARN_UNINITIALIZED_AUTOS = YES_AGGRESSIVE;
				GCC_WARN_UNUSED_FUNCTION = YES;
				GCC_WARN_UNUSED_VARIABLE = YES;
				IPHONEOS_DEPLOYMENT_TARGET = 8.1;
				MTL_ENABLE_DEBUG_INFO = NO;
				SDKROOT = iphoneos;
				VALIDATE_PRODUCT = YES;
			};
			name = Release;
		};
		327104F81A608B87002EF83F /* Debug */ = {
			isa = XCBuildConfiguration;
			buildSettings = {
				ASSETCATALOG_COMPILER_APPICON_NAME = AppIcon;
				INFOPLIST_FILE = KeiserBike/Info.plist;
				LD_RUNPATH_SEARCH_PATHS = "$(inherited) @executable_path/Frameworks";
				PRODUCT_NAME = "$(TARGET_NAME)";
			};
			name = Debug;
		};
		327104F91A608B87002EF83F /* Release */ = {
			isa = XCBuildConfiguration;
			buildSettings = {
				ASSETCATALOG_COMPILER_APPICON_NAME = AppIcon;
				INFOPLIST_FILE = KeiserBike/Info.plist;
				LD_RUNPATH_SEARCH_PATHS = "$(inherited) @executable_path/Frameworks";
				PRODUCT_NAME = "$(TARGET_NAME)";
			};
			name = Release;
		};
		327104FB1A608B87002EF83F /* Debug */ = {
			isa = XCBuildConfiguration;
			buildSettings = {
				BUNDLE_LOADER = "$(TEST_HOST)";
				FRAMEWORK_SEARCH_PATHS = (
					"$(SDKROOT)/Developer/Library/Frameworks",
					"$(inherited)",
				);
				GCC_PREPROCESSOR_DEFINITIONS = (
					"DEBUG=1",
					"$(inherited)",
				);
				INFOPLIST_FILE = KeiserBikeTests/Info.plist;
				LD_RUNPATH_SEARCH_PATHS = "$(inherited) @executable_path/Frameworks @loader_path/Frameworks";
				PRODUCT_NAME = "$(TARGET_NAME)";
				TEST_HOST = "$(BUILT_PRODUCTS_DIR)/KeiserBike.app/KeiserBike";
			};
			name = Debug;
		};
		327104FC1A608B87002EF83F /* Release */ = {
			isa = XCBuildConfiguration;
			buildSettings = {
				BUNDLE_LOADER = "$(TEST_HOST)";
				FRAMEWORK_SEARCH_PATHS = (
					"$(SDKROOT)/Developer/Library/Frameworks",
					"$(inherited)",
				);
				INFOPLIST_FILE = KeiserBikeTests/Info.plist;
				LD_RUNPATH_SEARCH_PATHS = "$(inherited) @executable_path/Frameworks @loader_path/Frameworks";
				PRODUCT_NAME = "$(TARGET_NAME)";
				TEST_HOST = "$(BUILT_PRODUCTS_DIR)/KeiserBike.app/KeiserBike";
			};
			name = Release;
		};
/* End XCBuildConfiguration section */

/* Begin XCConfigurationList section */
		327104D31A608B87002EF83F /* Build configuration list for PBXProject "KeiserBike" */ = {
			isa = XCConfigurationList;
			buildConfigurations = (
				327104F51A608B87002EF83F /* Debug */,
				327104F61A608B87002EF83F /* Release */,
			);
			defaultConfigurationIsVisible = 0;
			defaultConfigurationName = Release;
		};
		327104F71A608B87002EF83F /* Build configuration list for PBXNativeTarget "KeiserBike" */ = {
			isa = XCConfigurationList;
			buildConfigurations = (
				327104F81A608B87002EF83F /* Debug */,
				327104F91A608B87002EF83F /* Release */,
			);
			defaultConfigurationIsVisible = 0;
		};
		327104FA1A608B87002EF83F /* Build configuration list for PBXNativeTarget "KeiserBikeTests" */ = {
			isa = XCConfigurationList;
			buildConfigurations = (
				327104FB1A608B87002EF83F /* Debug */,
				327104FC1A608B87002EF83F /* Release */,
			);
			defaultConfigurationIsVisible = 0;
		};
/* End XCConfigurationList section */
	};
	rootObject = 327104D01A608B87002EF83F /* Project object */;
}
